dependencies:
  idf:
    source:
      type: idf
    version: 6.0.1
  lvgl/lvgl:
    component_hash: 184e532558c1c45fefed631f3e235423d22582aafb4630f3e8885c35281a49ae
    dependencies: []
    source:
      registry_url: https://components.espressif.com/
      type: service
    version: 9.5.0
direct_dependencies:
- idf
- lvgl/lvgl
manifest_hash: fd02cfe3fcdd03da97a9dd5929252b48834784c6aabd6afc28dbc3e667e0d3f1
target: esp32s3
version: 3.0.0
